
Microsoft Visual Studio Solution File, Format Version 12.00
# Visual Studio Version 17
VisualStudioVersion = 17.10.35013.160
MinimumVisualStudioVersion = 10.0.40219.1
Project("{FAE04EC0-301F-11D3-BF4B-00C04F79EFBC}") = "HTTPServer", "HTTPServer\HTTPServer.csproj", "{71F9454A-A496-43C1-87D1-4583AD7872B3}"
EndProject
Global
	GlobalSection(SolutionConfigurationPlatforms) = preSolution
		Debug|Any CPU = Debug|Any CPU
		Release|Any CPU = Release|Any CPU
	EndGlobalSection
	GlobalSection(ProjectConfigurationPlatforms) = postSolution
		{71F9454A-A496-43C1-87D1-4583AD7872B3}.Debug|Any CPU.ActiveCfg = Debug|Any CPU
		{71F9454A-A496-43C1-87D1-4583AD7872B3}.Debug|Any CPU.Build.0 = Debug|Any CPU
		{71F9454A-A496-43C1-87D1-4583AD7872B3}.Release|Any CPU.ActiveCfg = Release|Any CPU
		{71F9454A-A496-43C1-87D1-4583AD7872B3}.Release|Any CPU.Build.0 = Release|Any CPU
	EndGlobalSection
	GlobalSection(SolutionProperties) = preSolution
		HideSolutionNode = FALSE
	EndGlobalSection
	GlobalSection(ExtensibilityGlobals) = postSolution
		SolutionGuid = {32173BD1-FB9B-4F3E-9CA1-F0BA0D6DE7A9}
	EndGlobalSection
EndGlobal
