
Microsoft Visual Studio Solution File, Format Version 12.00
# Visual Studio Version 17
VisualStudioVersion = 17.11.35327.3
MinimumVisualStudioVersion = 10.0.40219.1
Project("{FAE04EC0-301F-11D3-BF4B-00C04F79EFBC}") = "Server", "Server\Server.csproj", "{C850EB2F-F637-4350-BDB6-5D86202C9F97}"
EndProject
Global
	GlobalSection(SolutionConfigurationPlatforms) = preSolution
		Debug|Any CPU = Debug|Any CPU
		Release|Any CPU = Release|Any CPU
	EndGlobalSection
	GlobalSection(ProjectConfigurationPlatforms) = postSolution
		{C850EB2F-F637-4350-BDB6-5D86202C9F97}.Debug|Any CPU.ActiveCfg = Debug|Any CPU
		{C850EB2F-F637-4350-BDB6-5D86202C9F97}.Debug|Any CPU.Build.0 = Debug|Any CPU
		{C850EB2F-F637-4350-BDB6-5D86202C9F97}.Release|Any CPU.ActiveCfg = Release|Any CPU
		{C850EB2F-F637-4350-BDB6-5D86202C9F97}.Release|Any CPU.Build.0 = Release|Any CPU
	EndGlobalSection
	GlobalSection(SolutionProperties) = preSolution
		HideSolutionNode = FALSE
	EndGlobalSection
	GlobalSection(ExtensibilityGlobals) = postSolution
		SolutionGuid = {F7540396-3A1F-4E04-9323-B3552775A083}
	EndGlobalSection
EndGlobal
